
Microsoft Visual Studio Solution File, Format Version 12.00
# Visual Studio Version 16
VisualStudioVersion = 16.0.31313.79
MinimumVisualStudioVersion = 10.0.40219.1
Project("{9092AA53-FB77-4645-B42D-1CCCA6BD08BD}") = "SimpleApi1", "SimpleApi1\SimpleApi1.njsproj", "{7A08F44D-529B-49C0-BABA-F4633A6EA882}"
EndProject
Global
	GlobalSection(SolutionConfigurationPlatforms) = preSolution
		Debug|Any CPU = Debug|Any CPU
		Release|Any CPU = Release|Any CPU
	EndGlobalSection
	GlobalSection(ProjectConfigurationPlatforms) = postSolution
		{7A08F44D-529B-49C0-BABA-F4633A6EA882}.Debug|Any CPU.ActiveCfg = Debug|Any CPU
		{7A08F44D-529B-49C0-BABA-F4633A6EA882}.Debug|Any CPU.Build.0 = Debug|Any CPU
		{7A08F44D-529B-49C0-BABA-F4633A6EA882}.Release|Any CPU.ActiveCfg = Release|Any CPU
		{7A08F44D-529B-49C0-BABA-F4633A6EA882}.Release|Any CPU.Build.0 = Release|Any CPU
	EndGlobalSection
	GlobalSection(SolutionProperties) = preSolution
		HideSolutionNode = FALSE
	EndGlobalSection
	GlobalSection(ExtensibilityGlobals) = postSolution
		SolutionGuid = {819BD4A2-E190-48E3-AC10-9B26FA061038}
	EndGlobalSection
EndGlobal
